
Microsoft Visual Studio Solution File, Format Version 12.00
# Visual Studio Version 16
VisualStudioVersion = 16.0.31702.278
MinimumVisualStudioVersion = 10.0.40219.1
Project("{FAE04EC0-301F-11D3-BF4B-00C04F79EFBC}") = "Test1", "Test1\Test1.csproj", "{D79E829D-20FC-4C8D-A3F1-98CEC4EEB3CB}"
EndProject
Global
	GlobalSection(SolutionConfigurationPlatforms) = preSolution
		Debug|Any CPU = Debug|Any CPU
		Release|Any CPU = Release|Any CPU
	EndGlobalSection
	GlobalSection(ProjectConfigurationPlatforms) = postSolution
		{D79E829D-20FC-4C8D-A3F1-98CEC4EEB3CB}.Debug|Any CPU.ActiveCfg = Debug|Any CPU
		{D79E829D-20FC-4C8D-A3F1-98CEC4EEB3CB}.Debug|Any CPU.Build.0 = Debug|Any CPU
		{D79E829D-20FC-4C8D-A3F1-98CEC4EEB3CB}.Debug|Any CPU.Deploy.0 = Debug|Any CPU
		{D79E829D-20FC-4C8D-A3F1-98CEC4EEB3CB}.Release|Any CPU.ActiveCfg = Release|Any CPU
		{D79E829D-20FC-4C8D-A3F1-98CEC4EEB3CB}.Release|Any CPU.Build.0 = Release|Any CPU
		{D79E829D-20FC-4C8D-A3F1-98CEC4EEB3CB}.Release|Any CPU.Deploy.0 = Release|Any CPU
	EndGlobalSection
	GlobalSection(SolutionProperties) = preSolution
		HideSolutionNode = FALSE
	EndGlobalSection
	GlobalSection(ExtensibilityGlobals) = postSolution
		SolutionGuid = {55964783-0217-41B6-9633-CED768614EE3}
	EndGlobalSection
EndGlobal
